
Microsoft Visual Studio Solution File, Format Version 11.00
# Visual Studio 2010
Project("{8BC9CEB8-8B4A-11D0-8D11-00A0C91BC942}") = "unit_test", "unit_test.vcxproj", "{80E05F4C-1CAD-40B5-BE91-ADF0E1992662}"
EndProject
Project("{8BC9CEB8-8B4A-11D0-8D11-00A0C91BC942}") = "cpphtmlparser", "..\cpphtmlparser\cpphtmlparser.vcxproj", "{88715D7F-3686-456C-8D46-17CF7FE85D46}"
EndProject
Global
	GlobalSection(SolutionConfigurationPlatforms) = preSolution
		Debug|Win32 = Debug|Win32
		Release|Win32 = Release|Win32
	EndGlobalSection
	GlobalSection(ProjectConfigurationPlatforms) = postSolution
		{80E05F4C-1CAD-40B5-BE91-ADF0E1992662}.Debug|Win32.ActiveCfg = Debug|Win32
		{80E05F4C-1CAD-40B5-BE91-ADF0E1992662}.Debug|Win32.Build.0 = Debug|Win32
		{80E05F4C-1CAD-40B5-BE91-ADF0E1992662}.Release|Win32.ActiveCfg = Release|Win32
		{80E05F4C-1CAD-40B5-BE91-ADF0E1992662}.Release|Win32.Build.0 = Release|Win32
		{88715D7F-3686-456C-8D46-17CF7FE85D46}.Debug|Win32.ActiveCfg = Debug|Win32
		{88715D7F-3686-456C-8D46-17CF7FE85D46}.Debug|Win32.Build.0 = Debug|Win32
		{88715D7F-3686-456C-8D46-17CF7FE85D46}.Release|Win32.ActiveCfg = Release|Win32
		{88715D7F-3686-456C-8D46-17CF7FE85D46}.Release|Win32.Build.0 = Release|Win32
	EndGlobalSection
	GlobalSection(SolutionProperties) = preSolution
		HideSolutionNode = FALSE
	EndGlobalSection
EndGlobal
